
Microsoft Visual Studio Solution File, Format Version 12.00
# Visual Studio Version 16
VisualStudioVersion = 16.0.30413.136
MinimumVisualStudioVersion = 10.0.40219.1
Project("{8BC9CEB8-8B4A-11D0-8D11-00A0C91BC942}") = "DiverStory", "DiverStory.vcxproj", "{DA1A7D0A-0C9E-4061-89AA-676B2CC4F032}"
EndProject
Global
	GlobalSection(SolutionConfigurationPlatforms) = preSolution
		Debug|x64 = Debug|x64
		Debug|x86 = Debug|x86
		Release|x64 = Release|x64
		Release|x86 = Release|x86
	EndGlobalSection
	GlobalSection(ProjectConfigurationPlatforms) = postSolution
		{DA1A7D0A-0C9E-4061-89AA-676B2CC4F032}.Debug|x64.ActiveCfg = Debug|x64
		{DA1A7D0A-0C9E-4061-89AA-676B2CC4F032}.Debug|x64.Build.0 = Debug|x64
		{DA1A7D0A-0C9E-4061-89AA-676B2CC4F032}.Debug|x86.ActiveCfg = Debug|Win32
		{DA1A7D0A-0C9E-4061-89AA-676B2CC4F032}.Debug|x86.Build.0 = Debug|Win32
		{DA1A7D0A-0C9E-4061-89AA-676B2CC4F032}.Release|x64.ActiveCfg = Release|x64
		{DA1A7D0A-0C9E-4061-89AA-676B2CC4F032}.Release|x64.Build.0 = Release|x64
		{DA1A7D0A-0C9E-4061-89AA-676B2CC4F032}.Release|x86.ActiveCfg = Release|Win32
		{DA1A7D0A-0C9E-4061-89AA-676B2CC4F032}.Release|x86.Build.0 = Release|Win32
	EndGlobalSection
	GlobalSection(SolutionProperties) = preSolution
		HideSolutionNode = FALSE
	EndGlobalSection
	GlobalSection(ExtensibilityGlobals) = postSolution
		SolutionGuid = {3A7B463F-B6C1-4C9B-910F-8CFC819DD0B0}
	EndGlobalSection
EndGlobal
